
Microsoft Visual Studio Solution File, Format Version 12.00
# Visual Studio 14
VisualStudioVersion = 14.0.24720.0
MinimumVisualStudioVersion = 10.0.40219.1
Project("{8BC9CEB8-8B4A-11D0-8D11-00A0C91BC942}") = "Pyx2", "Pyx2\Pyx2.vcxproj", "{88C3DE53-5E7A-4B8B-AEE1-4CEA9960C29C}"
EndProject
Project("{8BC9CEB8-8B4A-11D0-8D11-00A0C91BC942}") = "PluginSample", "PluginSample\PluginSample.vcxproj", "{7769A983-4C95-4BF8-9D06-A8E89BFC83A6}"
EndProject
Global
	GlobalSection(SolutionConfigurationPlatforms) = preSolution
		Debug|x64 = Debug|x64
		Debug|x86 = Debug|x86
		Release|x64 = Release|x64
		Release|x86 = Release|x86
	EndGlobalSection
	GlobalSection(ProjectConfigurationPlatforms) = postSolution
		{88C3DE53-5E7A-4B8B-AEE1-4CEA9960C29C}.Debug|x64.ActiveCfg = Debug|x64
		{88C3DE53-5E7A-4B8B-AEE1-4CEA9960C29C}.Debug|x64.Build.0 = Debug|x64
		{88C3DE53-5E7A-4B8B-AEE1-4CEA9960C29C}.Debug|x86.ActiveCfg = Debug|Win32
		{88C3DE53-5E7A-4B8B-AEE1-4CEA9960C29C}.Debug|x86.Build.0 = Debug|Win32
		{88C3DE53-5E7A-4B8B-AEE1-4CEA9960C29C}.Release|x64.ActiveCfg = Release|x64
		{88C3DE53-5E7A-4B8B-AEE1-4CEA9960C29C}.Release|x64.Build.0 = Release|x64
		{88C3DE53-5E7A-4B8B-AEE1-4CEA9960C29C}.Release|x86.ActiveCfg = Release|Win32
		{88C3DE53-5E7A-4B8B-AEE1-4CEA9960C29C}.Release|x86.Build.0 = Release|Win32
		{7769A983-4C95-4BF8-9D06-A8E89BFC83A6}.Debug|x64.ActiveCfg = Debug|x64
		{7769A983-4C95-4BF8-9D06-A8E89BFC83A6}.Debug|x64.Build.0 = Debug|x64
		{7769A983-4C95-4BF8-9D06-A8E89BFC83A6}.Debug|x86.ActiveCfg = Debug|Win32
		{7769A983-4C95-4BF8-9D06-A8E89BFC83A6}.Debug|x86.Build.0 = Debug|Win32
		{7769A983-4C95-4BF8-9D06-A8E89BFC83A6}.Release|x64.ActiveCfg = Release|x64
		{7769A983-4C95-4BF8-9D06-A8E89BFC83A6}.Release|x64.Build.0 = Release|x64
		{7769A983-4C95-4BF8-9D06-A8E89BFC83A6}.Release|x86.ActiveCfg = Release|Win32
		{7769A983-4C95-4BF8-9D06-A8E89BFC83A6}.Release|x86.Build.0 = Release|Win32
	EndGlobalSection
	GlobalSection(SolutionProperties) = preSolution
		HideSolutionNode = FALSE
	EndGlobalSection
EndGlobal
